
Microsoft Visual Studio Solution File, Format Version 12.00
# Visual Studio 2012
Project("{FAE04EC0-301F-11D3-BF4B-00C04F79EFBC}") = "Centaur", "src\Centaur\Centaur.csproj", "{014A51C5-2835-4B45-981B-04C458D61563}"
EndProject
Project("{2150E333-8FDC-42A3-9474-1A3956D46DE8}") = ".nuget", ".nuget", "{56600956-7209-411F-8188-DE1876BB4B41}"
	ProjectSection(SolutionItems) = preProject
		.nuget\NuGet.Config = .nuget\NuGet.Config
		.nuget\NuGet.exe = .nuget\NuGet.exe
		.nuget\NuGet.targets = .nuget\NuGet.targets
	EndProjectSection
EndProject
Project("{FAE04EC0-301F-11D3-BF4B-00C04F79EFBC}") = "Centaur.ExampleWebApp", "src\Centaur.ExampleWebApp\Centaur.ExampleWebApp.csproj", "{AA421518-3BA9-490F-9C46-4E4D9682650E}"
EndProject
Project("{FAE04EC0-301F-11D3-BF4B-00C04F79EFBC}") = "Centaur.Tests", "src\Centaur.Tests\Centaur.Tests.csproj", "{3BCAC831-6B21-4583-BD0D-15276A5B4954}"
EndProject
Global
	GlobalSection(SolutionConfigurationPlatforms) = preSolution
		Debug|Any CPU = Debug|Any CPU
		Release|Any CPU = Release|Any CPU
	EndGlobalSection
	GlobalSection(ProjectConfigurationPlatforms) = postSolution
		{014A51C5-2835-4B45-981B-04C458D61563}.Debug|Any CPU.ActiveCfg = Debug|Any CPU
		{014A51C5-2835-4B45-981B-04C458D61563}.Debug|Any CPU.Build.0 = Debug|Any CPU
		{014A51C5-2835-4B45-981B-04C458D61563}.Release|Any CPU.ActiveCfg = Release|Any CPU
		{014A51C5-2835-4B45-981B-04C458D61563}.Release|Any CPU.Build.0 = Release|Any CPU
		{AA421518-3BA9-490F-9C46-4E4D9682650E}.Debug|Any CPU.ActiveCfg = Debug|Any CPU
		{AA421518-3BA9-490F-9C46-4E4D9682650E}.Debug|Any CPU.Build.0 = Debug|Any CPU
		{AA421518-3BA9-490F-9C46-4E4D9682650E}.Release|Any CPU.ActiveCfg = Release|Any CPU
		{AA421518-3BA9-490F-9C46-4E4D9682650E}.Release|Any CPU.Build.0 = Release|Any CPU
		{3BCAC831-6B21-4583-BD0D-15276A5B4954}.Debug|Any CPU.ActiveCfg = Debug|Any CPU
		{3BCAC831-6B21-4583-BD0D-15276A5B4954}.Debug|Any CPU.Build.0 = Debug|Any CPU
		{3BCAC831-6B21-4583-BD0D-15276A5B4954}.Release|Any CPU.ActiveCfg = Release|Any CPU
		{3BCAC831-6B21-4583-BD0D-15276A5B4954}.Release|Any CPU.Build.0 = Release|Any CPU
	EndGlobalSection
	GlobalSection(SolutionProperties) = preSolution
		HideSolutionNode = FALSE
	EndGlobalSection
EndGlobal
